
Microsoft Visual Studio Solution File, Format Version 12.00
# Visual Studio Version 16
VisualStudioVersion = 16.0.31321.278
MinimumVisualStudioVersion = 10.0.40219.1
Project("{FAE04EC0-301F-11D3-BF4B-00C04F79EFBC}") = "LogicaPrimerServicioWCF", "LogicaPrimerServicioWCF\LogicaPrimerServicioWCF.csproj", "{D4A1F1BB-BDC6-44F2-9B7E-E7A5CFA96914}"
EndProject
Project("{FAE04EC0-301F-11D3-BF4B-00C04F79EFBC}") = "HostPrimerServicioWCF", "HostPrimerServicioWCF\HostPrimerServicioWCF.csproj", "{77581E7B-D9C7-4CE1-8B37-D87AA17B69D5}"
EndProject
Global
	GlobalSection(SolutionConfigurationPlatforms) = preSolution
		Debug|Any CPU = Debug|Any CPU
		Release|Any CPU = Release|Any CPU
	EndGlobalSection
	GlobalSection(ProjectConfigurationPlatforms) = postSolution
		{D4A1F1BB-BDC6-44F2-9B7E-E7A5CFA96914}.Debug|Any CPU.ActiveCfg = Debug|Any CPU
		{D4A1F1BB-BDC6-44F2-9B7E-E7A5CFA96914}.Debug|Any CPU.Build.0 = Debug|Any CPU
		{D4A1F1BB-BDC6-44F2-9B7E-E7A5CFA96914}.Release|Any CPU.ActiveCfg = Release|Any CPU
		{D4A1F1BB-BDC6-44F2-9B7E-E7A5CFA96914}.Release|Any CPU.Build.0 = Release|Any CPU
		{77581E7B-D9C7-4CE1-8B37-D87AA17B69D5}.Debug|Any CPU.ActiveCfg = Debug|Any CPU
		{77581E7B-D9C7-4CE1-8B37-D87AA17B69D5}.Debug|Any CPU.Build.0 = Debug|Any CPU
		{77581E7B-D9C7-4CE1-8B37-D87AA17B69D5}.Release|Any CPU.ActiveCfg = Release|Any CPU
		{77581E7B-D9C7-4CE1-8B37-D87AA17B69D5}.Release|Any CPU.Build.0 = Release|Any CPU
	EndGlobalSection
	GlobalSection(SolutionProperties) = preSolution
		HideSolutionNode = FALSE
	EndGlobalSection
	GlobalSection(ExtensibilityGlobals) = postSolution
		SolutionGuid = {89EB78BF-FA09-4B66-84AE-3974A3B5EE48}
	EndGlobalSection
EndGlobal
